PODS:
  - Flutter (1.0.0)
  - integration_test (0.0.1):
    - Flutter
  - MediaPipeTasksCommon (0.10.21)
  - MediaPipeTasksVision (0.10.21):
    - MediaPipeTasksCommon (= 0.10.21)
  - native_camera_view (0.0.1):
    - Flutter
    - MediaPipeTasksVision

DEPENDENCIES:
  - Flutter (from `Flutter`)
  - integration_test (from `.symlinks/plugins/integration_test/ios`)
  - native_camera_view (from `.symlinks/plugins/native_camera_view/ios`)

SPEC REPOS:
  trunk:
    - MediaPipeTasksCommon
    - MediaPipeTasksVision

EXTERNAL SOURCES:
  Flutter:
    :path: Flutter
  integration_test:
    :path: ".symlinks/plugins/integration_test/ios"
  native_camera_view:
    :path: ".symlinks/plugins/native_camera_view/ios"

SPEC CHECKSUMS:
  Flutter: cabc95a1d2626b1b06e7179b784ebcf0c0cde467
  integration_test: 4a889634ef21a45d28d50d622cf412dc6d9f586e
  MediaPipeTasksCommon: 6cfa29170d4900f04d250ad95ec058f14a741f38
  MediaPipeTasksVision: 7b1c0f5a5820e87e9d96926f5e65d8cd3744fac2
  native_camera_view: c855fcdb923cff22b27e70a21ffc206e7a0a719e

PODFILE CHECKSUM: d4e4bb75c64238aefd524ccb3768ff4be34911d4

COCOAPODS: 1.16.2
